
Microsoft Visual Studio Solution File, Format Version 12.00
# Visual Studio Version 17
VisualStudioVersion = 17.14.36603.0 d17.14
MinimumVisualStudioVersion = 10.0.40219.1
Project("{FAE04EC0-301F-11D3-BF4B-00C04F79EFBC}") = "Numbers", "Numbers.csproj", "{586C9303-BA1C-4CB9-9ED4-DEF6961AD5D5}"
EndProject
Global
	GlobalSection(SolutionConfigurationPlatforms) = preSolution
		Debug|Any CPU = Debug|Any CPU
		Release|Any CPU = Release|Any CPU
	EndGlobalSection
	GlobalSection(ProjectConfigurationPlatforms) = postSolution
		{586C9303-BA1C-4CB9-9ED4-DEF6961AD5D5}.Debug|Any CPU.ActiveCfg = Debug|Any CPU
		{586C9303-BA1C-4CB9-9ED4-DEF6961AD5D5}.Debug|Any CPU.Build.0 = Debug|Any CPU
		{586C9303-BA1C-4CB9-9ED4-DEF6961AD5D5}.Release|Any CPU.ActiveCfg = Release|Any CPU
		{586C9303-BA1C-4CB9-9ED4-DEF6961AD5D5}.Release|Any CPU.Build.0 = Release|Any CPU
	EndGlobalSection
	GlobalSection(SolutionProperties) = preSolution
		HideSolutionNode = FALSE
	EndGlobalSection
	GlobalSection(ExtensibilityGlobals) = postSolution
		SolutionGuid = {3B4E13A2-8E91-4F31-B187-C985A3687841}
	EndGlobalSection
EndGlobal
